
Microsoft Visual Studio Solution File, Format Version 12.00
# Visual Studio 15
VisualStudioVersion = 15.0.26430.14
MinimumVisualStudioVersion = 10.0.40219.1
Project("{FAE04EC0-301F-11D3-BF4B-00C04F79EFBC}") = "Library_Mangment_System", "Temb1\Library_Mangment_System.csproj", "{022B4B07-DDAD-4924-B997-5E24CB8BAEB8}"
EndProject
Project("{FAE04EC0-301F-11D3-BF4B-00C04F79EFBC}") = "Library_Mangment_System_Core", "Library_Mangment_System_Core\Library_Mangment_System_Core.csproj", "{96130CD7-2D1A-478C-BACD-4B3FEA3C776A}"
EndProject
Project("{FAE04EC0-301F-11D3-BF4B-00C04F79EFBC}") = "LMS.Model", "LMS.Model\LMS.Model.csproj", "{45D2F667-6C7F-4B43-A0B6-17550C4C0EB7}"
EndProject
Global
	GlobalSection(SolutionConfigurationPlatforms) = preSolution
		Debug|Any CPU = Debug|Any CPU
		Release|Any CPU = Release|Any CPU
	EndGlobalSection
	GlobalSection(ProjectConfigurationPlatforms) = postSolution
		{022B4B07-DDAD-4924-B997-5E24CB8BAEB8}.Debug|Any CPU.ActiveCfg = Debug|Any CPU
		{022B4B07-DDAD-4924-B997-5E24CB8BAEB8}.Debug|Any CPU.Build.0 = Debug|Any CPU
		{022B4B07-DDAD-4924-B997-5E24CB8BAEB8}.Release|Any CPU.ActiveCfg = Release|Any CPU
		{022B4B07-DDAD-4924-B997-5E24CB8BAEB8}.Release|Any CPU.Build.0 = Release|Any CPU
		{96130CD7-2D1A-478C-BACD-4B3FEA3C776A}.Debug|Any CPU.ActiveCfg = Debug|Any CPU
		{96130CD7-2D1A-478C-BACD-4B3FEA3C776A}.Debug|Any CPU.Build.0 = Debug|Any CPU
		{96130CD7-2D1A-478C-BACD-4B3FEA3C776A}.Release|Any CPU.ActiveCfg = Release|Any CPU
		{96130CD7-2D1A-478C-BACD-4B3FEA3C776A}.Release|Any CPU.Build.0 = Release|Any CPU
		{45D2F667-6C7F-4B43-A0B6-17550C4C0EB7}.Debug|Any CPU.ActiveCfg = Debug|Any CPU
		{45D2F667-6C7F-4B43-A0B6-17550C4C0EB7}.Debug|Any CPU.Build.0 = Debug|Any CPU
		{45D2F667-6C7F-4B43-A0B6-17550C4C0EB7}.Release|Any CPU.ActiveCfg = Release|Any CPU
		{45D2F667-6C7F-4B43-A0B6-17550C4C0EB7}.Release|Any CPU.Build.0 = Release|Any CPU
	EndGlobalSection
	GlobalSection(SolutionProperties) = preSolution
		HideSolutionNode = FALSE
	EndGlobalSection
EndGlobal
